
Microsoft Visual Studio Solution File, Format Version 12.00
# Visual Studio Version 17
VisualStudioVersion = 17.14.36804.6 d17.14
MinimumVisualStudioVersion = 10.0.40219.1
Project("{FAE04EC0-301F-11D3-BF4B-00C04F79EFBC}") = "ArchipelagoRandomizer", "ArchipelagoRandomizer.csproj", "{98FA2BD6-ABEB-4069-AB9C-E8A2B0122688}"
EndProject
Global
	GlobalSection(SolutionConfigurationPlatforms) = preSolution
		Debug|Any CPU = Debug|Any CPU
		Release|Any CPU = Release|Any CPU
	EndGlobalSection
	GlobalSection(ProjectConfigurationPlatforms) = postSolution
		{98FA2BD6-ABEB-4069-AB9C-E8A2B0122688}.Debug|Any CPU.ActiveCfg = Debug|Any CPU
		{98FA2BD6-ABEB-4069-AB9C-E8A2B0122688}.Debug|Any CPU.Build.0 = Debug|Any CPU
		{98FA2BD6-ABEB-4069-AB9C-E8A2B0122688}.Release|Any CPU.ActiveCfg = Release|Any CPU
		{98FA2BD6-ABEB-4069-AB9C-E8A2B0122688}.Release|Any CPU.Build.0 = Release|Any CPU
	EndGlobalSection
	GlobalSection(SolutionProperties) = preSolution
		HideSolutionNode = FALSE
	EndGlobalSection
	GlobalSection(ExtensibilityGlobals) = postSolution
		SolutionGuid = {A6A24A04-9C30-4FFF-B607-0877FE10D0DA}
	EndGlobalSection
EndGlobal
