
Microsoft Visual Studio Solution File, Format Version 12.00
# Visual Studio Version 17
VisualStudioVersion = 17.10.34916.146
MinimumVisualStudioVersion = 10.0.40219.1
Project("{FAE04EC0-301F-11D3-BF4B-00C04F79EFBC}") = "ArchipelagoRandomizer", "ArchipelagoRandomizer.csproj", "{7D7F43C8-E332-40E0-9875-1F9FB73F223B}"
EndProject
Global
	GlobalSection(SolutionConfigurationPlatforms) = preSolution
		Debug|Any CPU = Debug|Any CPU
		Release|Any CPU = Release|Any CPU
	EndGlobalSection
	GlobalSection(ProjectConfigurationPlatforms) = postSolution
		{7D7F43C8-E332-40E0-9875-1F9FB73F223B}.Debug|Any CPU.ActiveCfg = Debug|Any CPU
		{7D7F43C8-E332-40E0-9875-1F9FB73F223B}.Debug|Any CPU.Build.0 = Debug|Any CPU
		{7D7F43C8-E332-40E0-9875-1F9FB73F223B}.Release|Any CPU.ActiveCfg = Release|Any CPU
		{7D7F43C8-E332-40E0-9875-1F9FB73F223B}.Release|Any CPU.Build.0 = Release|Any CPU
	EndGlobalSection
	GlobalSection(SolutionProperties) = preSolution
		HideSolutionNode = FALSE
	EndGlobalSection
	GlobalSection(ExtensibilityGlobals) = postSolution
		SolutionGuid = {4AB1F035-8D78-45F1-805B-833A8160BF19}
	EndGlobalSection
EndGlobal
